
Microsoft Visual Studio Solution File, Format Version 12.00
# Visual Studio Version 16
VisualStudioVersion = 16.0.30002.166
MinimumVisualStudioVersion = 10.0.40219.1
Project("{8BC9CEB8-8B4A-11D0-8D11-00A0C91BC942}") = "arcanoid", "arcanoid.vcxproj", "{8678310E-0321-4088-A8BF-9DAE0343AF07}"
EndProject
Global
	GlobalSection(SolutionConfigurationPlatforms) = preSolution
		Debug|x64 = Debug|x64
		Release|x64 = Release|x64
	EndGlobalSection
	GlobalSection(ProjectConfigurationPlatforms) = postSolution
		{8678310E-0321-4088-A8BF-9DAE0343AF07}.Debug|x64.ActiveCfg = Debug|x64
		{8678310E-0321-4088-A8BF-9DAE0343AF07}.Debug|x64.Build.0 = Debug|x64
		{8678310E-0321-4088-A8BF-9DAE0343AF07}.Release|x64.ActiveCfg = Release|x64
		{8678310E-0321-4088-A8BF-9DAE0343AF07}.Release|x64.Build.0 = Release|x64
	EndGlobalSection
	GlobalSection(SolutionProperties) = preSolution
		HideSolutionNode = FALSE
	EndGlobalSection
	GlobalSection(ExtensibilityGlobals) = postSolution
		SolutionGuid = {15359569-D3E6-4763-8167-DC0E10CFF4CC}
	EndGlobalSection
EndGlobal
